
Microsoft Visual Studio Solution File, Format Version 12.00
# Visual Studio Version 16
VisualStudioVersion = 16.0.34031.81
MinimumVisualStudioVersion = 10.0.40219.1
Project("{8BC9CEB8-8B4A-11D0-8D11-00A0C91BC942}") = "DFA-minimization", "DFA-minimization\DFA-minimization.vcxproj", "{883AEEE2-55DB-4609-92D9-8BDC0164C9DD}"
EndProject
Global
	GlobalSection(SolutionConfigurationPlatforms) = preSolution
		Debug|x64 = Debug|x64
		Debug|x86 = Debug|x86
		Release|x64 = Release|x64
		Release|x86 = Release|x86
	EndGlobalSection
	GlobalSection(ProjectConfigurationPlatforms) = postSolution
		{883AEEE2-55DB-4609-92D9-8BDC0164C9DD}.Debug|x64.ActiveCfg = Debug|x64
		{883AEEE2-55DB-4609-92D9-8BDC0164C9DD}.Debug|x64.Build.0 = Debug|x64
		{883AEEE2-55DB-4609-92D9-8BDC0164C9DD}.Debug|x86.ActiveCfg = Debug|Win32
		{883AEEE2-55DB-4609-92D9-8BDC0164C9DD}.Debug|x86.Build.0 = Debug|Win32
		{883AEEE2-55DB-4609-92D9-8BDC0164C9DD}.Release|x64.ActiveCfg = Release|x64
		{883AEEE2-55DB-4609-92D9-8BDC0164C9DD}.Release|x64.Build.0 = Release|x64
		{883AEEE2-55DB-4609-92D9-8BDC0164C9DD}.Release|x86.ActiveCfg = Release|Win32
		{883AEEE2-55DB-4609-92D9-8BDC0164C9DD}.Release|x86.Build.0 = Release|Win32
	EndGlobalSection
	GlobalSection(SolutionProperties) = preSolution
		HideSolutionNode = FALSE
	EndGlobalSection
	GlobalSection(ExtensibilityGlobals) = postSolution
		SolutionGuid = {E7A1C98D-D5D4-46D0-B158-B8E29C051F53}
	EndGlobalSection
EndGlobal
